
Microsoft Visual Studio Solution File, Format Version 12.00
# Visual Studio Version 16
VisualStudioVersion = 16.0.31410.223
MinimumVisualStudioVersion = 10.0.40219.1
Project("{FAE04EC0-301F-11D3-BF4B-00C04F79EFBC}") = "HexDump", "HexDump\HexDump.csproj", "{AFD40402-CB7A-43FC-B262-3A438BEF8E3E}"
EndProject
Project("{FAE04EC0-301F-11D3-BF4B-00C04F79EFBC}") = "JpegParser", "JpegParser\JpegParser.csproj", "{36CF0571-3716-42D4-AF60-E043E22065F9}"
EndProject
Project("{FAE04EC0-301F-11D3-BF4B-00C04F79EFBC}") = "JpegParserTests", "JpegParserTests\JpegParserTests.csproj", "{799B639E-29E0-402B-92E8-79DC370C98AD}"
EndProject
Project("{FAE04EC0-301F-11D3-BF4B-00C04F79EFBC}") = "PhotoLib", "PhotoLib\PhotoLib.csproj", "{63C21A80-4C35-40D3-B0EB-8C68F146A9FA}"
EndProject
Project("{FAE04EC0-301F-11D3-BF4B-00C04F79EFBC}") = "PhotoTests", "PhotoTests\PhotoTests.csproj", "{09DDAB03-EDFD-4CB4-9FEF-6E4FE30F3B6C}"
EndProject
Project("{FAE04EC0-301F-11D3-BF4B-00C04F79EFBC}") = "TagDatabase", "TagDatabase\TagDatabase.csproj", "{0B51EA63-2764-4A6E-89E8-72055A2F887D}"
EndProject
Project("{FAE04EC0-301F-11D3-BF4B-00C04F79EFBC}") = "PhotoDump", "PhotoDump\PhotoDump.csproj", "{6A3C018E-7EB9-4351-B0EE-C5BE8F26500F}"
EndProject
Global
	GlobalSection(SolutionConfigurationPlatforms) = preSolution
		Debug|Any CPU = Debug|Any CPU
		Release|Any CPU = Release|Any CPU
	EndGlobalSection
	GlobalSection(ProjectConfigurationPlatforms) = postSolution
		{AFD40402-CB7A-43FC-B262-3A438BEF8E3E}.Debug|Any CPU.ActiveCfg = Debug|Any CPU
		{AFD40402-CB7A-43FC-B262-3A438BEF8E3E}.Debug|Any CPU.Build.0 = Debug|Any CPU
		{AFD40402-CB7A-43FC-B262-3A438BEF8E3E}.Release|Any CPU.ActiveCfg = Release|Any CPU
		{AFD40402-CB7A-43FC-B262-3A438BEF8E3E}.Release|Any CPU.Build.0 = Release|Any CPU
		{36CF0571-3716-42D4-AF60-E043E22065F9}.Debug|Any CPU.ActiveCfg = Debug|Any CPU
		{36CF0571-3716-42D4-AF60-E043E22065F9}.Debug|Any CPU.Build.0 = Debug|Any CPU
		{36CF0571-3716-42D4-AF60-E043E22065F9}.Release|Any CPU.ActiveCfg = Release|Any CPU
		{36CF0571-3716-42D4-AF60-E043E22065F9}.Release|Any CPU.Build.0 = Release|Any CPU
		{799B639E-29E0-402B-92E8-79DC370C98AD}.Debug|Any CPU.ActiveCfg = Debug|Any CPU
		{799B639E-29E0-402B-92E8-79DC370C98AD}.Debug|Any CPU.Build.0 = Debug|Any CPU
		{799B639E-29E0-402B-92E8-79DC370C98AD}.Release|Any CPU.ActiveCfg = Release|Any CPU
		{799B639E-29E0-402B-92E8-79DC370C98AD}.Release|Any CPU.Build.0 = Release|Any CPU
		{63C21A80-4C35-40D3-B0EB-8C68F146A9FA}.Debug|Any CPU.ActiveCfg = Debug|Any CPU
		{63C21A80-4C35-40D3-B0EB-8C68F146A9FA}.Debug|Any CPU.Build.0 = Debug|Any CPU
		{63C21A80-4C35-40D3-B0EB-8C68F146A9FA}.Release|Any CPU.ActiveCfg = Release|Any CPU
		{63C21A80-4C35-40D3-B0EB-8C68F146A9FA}.Release|Any CPU.Build.0 = Release|Any CPU
		{09DDAB03-EDFD-4CB4-9FEF-6E4FE30F3B6C}.Debug|Any CPU.ActiveCfg = Debug|Any CPU
		{09DDAB03-EDFD-4CB4-9FEF-6E4FE30F3B6C}.Debug|Any CPU.Build.0 = Debug|Any CPU
		{09DDAB03-EDFD-4CB4-9FEF-6E4FE30F3B6C}.Release|Any CPU.ActiveCfg = Release|Any CPU
		{09DDAB03-EDFD-4CB4-9FEF-6E4FE30F3B6C}.Release|Any CPU.Build.0 = Release|Any CPU
		{0B51EA63-2764-4A6E-89E8-72055A2F887D}.Debug|Any CPU.ActiveCfg = Debug|Any CPU
		{0B51EA63-2764-4A6E-89E8-72055A2F887D}.Debug|Any CPU.Build.0 = Debug|Any CPU
		{0B51EA63-2764-4A6E-89E8-72055A2F887D}.Release|Any CPU.ActiveCfg = Release|Any CPU
		{0B51EA63-2764-4A6E-89E8-72055A2F887D}.Release|Any CPU.Build.0 = Release|Any CPU
		{6A3C018E-7EB9-4351-B0EE-C5BE8F26500F}.Debug|Any CPU.ActiveCfg = Debug|Any CPU
		{6A3C018E-7EB9-4351-B0EE-C5BE8F26500F}.Debug|Any CPU.Build.0 = Debug|Any CPU
		{6A3C018E-7EB9-4351-B0EE-C5BE8F26500F}.Release|Any CPU.ActiveCfg = Release|Any CPU
		{6A3C018E-7EB9-4351-B0EE-C5BE8F26500F}.Release|Any CPU.Build.0 = Release|Any CPU
	EndGlobalSection
	GlobalSection(SolutionProperties) = preSolution
		HideSolutionNode = FALSE
	EndGlobalSection
	GlobalSection(ExtensibilityGlobals) = postSolution
		SolutionGuid = {CA9E3209-E115-4EBC-8345-51E43F7AB09D}
	EndGlobalSection
EndGlobal
